
Microsoft Visual Studio Solution File, Format Version 12.00
# Visual Studio Version 16
VisualStudioVersion = 16.0.37507.1
MinimumVisualStudioVersion = 10.0.40219.1
Project("{FAE04EC0-301F-11D3-BF4B-00C04F79EFBC}") = "fortindwindows", "fortindwindows.csproj", "{3912960C-6BB3-485B-822E-F23910312BA3}"
EndProject
Global
	GlobalSection(SolutionConfigurationPlatforms) = preSolution
		Debug|Any CPU = Debug|Any CPU
		Release|Any CPU = Release|Any CPU
	EndGlobalSection
	GlobalSection(ProjectConfigurationPlatforms) = postSolution
		{3912960C-6BB3-485B-822E-F23910312BA3}.Debug|Any CPU.ActiveCfg = Debug|Any CPU
		{3912960C-6BB3-485B-822E-F23910312BA3}.Debug|Any CPU.Build.0 = Debug|Any CPU
		{3912960C-6BB3-485B-822E-F23910312BA3}.Release|Any CPU.ActiveCfg = Release|Any CPU
		{3912960C-6BB3-485B-822E-F23910312BA3}.Release|Any CPU.Build.0 = Release|Any CPU
	EndGlobalSection
	GlobalSection(SolutionProperties) = preSolution
		HideSolutionNode = FALSE
	EndGlobalSection
	GlobalSection(ExtensibilityGlobals) = postSolution
		SolutionGuid = {23CBC631-59AD-449B-8C0B-590BEDBDB537}
	EndGlobalSection
EndGlobal
